<?xml version="1.0" encoding="utf-8"?>
<Project ToolsVersion="4.0" xmlns="http://schemas.microsoft.com/developer/msbuild/2003">
  <ItemGroup>
    <Filter Include="Source">
      <UniqueIdentifier>{090bf90e-f6ff-4023-8a2b-5c55d9c0eda2}</UniqueIdentifier>
    </Filter>
    <Filter Include="Header">
      <UniqueIdentifier>{433be096-8c70-466a-a9d2-535ce0d4f40e}</UniqueIdentifier>
    </Filter>
    <Filter Include="Source\Pool">
      <UniqueIdentifier>{6d6d5e42-5d5d-498e-b313-7ab18edf6669}</UniqueIdentifier>
    </Filter>
    <Filter Include="Header\Pool">
      <UniqueIdentifier>{8e375081-c91c-4ba1-be7d-4bf1a4295606}</UniqueIdentifier>
    </Filter>
    <Filter Include="Source\Server">
      <UniqueIdentifier>{6756bbc4-4586-4f82-b763-631710d10b63}</UniqueIdentifier>
    </Filter>
    <Filter Include="Header\Server">
      <UniqueIdentifier>{33698453-b049-4ca0-a91e-fa9ffef6b261}</UniqueIdentifier>
    </Filter>
    <Filter Include="Header\Interfaces">
      <UniqueIdentifier>{27cb9cb2-68b9-4fee-a491-b4063e21f028}</UniqueIdentifier>
    </Filter>
    <Filter Include="Source\Databases">
      <UniqueIdentifier>{35011a69-8428-4f5f-8e22-501256fa2fee}</UniqueIdentifier>
    </Filter>
    <Filter Include="Header\Databases">
      <UniqueIdentifier>{8bc8cf85-ef3f-487c-b227-df78a0195efc}</UniqueIdentifier>
    </Filter>
    <Filter Include="Header\Controllers">
      <UniqueIdentifier>{f941241e-29e7-4c14-9c14-010f1b435cb1}</UniqueIdentifier>
    </Filter>
    <Filter Include="Header\Repositories">
      <UniqueIdentifier>{f90d6c5e-cd06-4315-99b9-a8f4c3e739ec}</UniqueIdentifier>
    </Filter>
    <Filter Include="Header\Services">
      <UniqueIdentifier>{804e599c-d902-44d4-8b0a-46f8c122b6ef}</UniqueIdentifier>
    </Filter>
    <Filter Include="Source\Controllers">
      <UniqueIdentifier>{e6f59944-992b-4952-82f8-01bde1a6d72b}</UniqueIdentifier>
    </Filter>
    <Filter Include="Source\Repositories">
      <UniqueIdentifier>{426845a1-8e45-4478-92e7-6ae6f9a87fe1}</UniqueIdentifier>
    </Filter>
    <Filter Include="Source\Services">
      <UniqueIdentifier>{66995cb3-41b6-45bf-bd98-646343b8de5e}</UniqueIdentifier>
    </Filter>
    <Filter Include="Header\Managers">
      <UniqueIdentifier>{3e92ad0b-606b-49dd-9687-7a3fa39bc6b9}</UniqueIdentifier>
    </Filter>
    <Filter Include="Source\Managers">
      <UniqueIdentifier>{757e5f78-7939-4501-bb27-3cc85deff56a}</UniqueIdentifier>
    </Filter>
    <Filter Include="Header\Entities">
      <UniqueIdentifier>{4a459a97-0294-49b5-92d6-0a77326d624f}</UniqueIdentifier>
    </Filter>
  </ItemGroup>
  <ItemGroup>
    <ClCompile Include="Source\Main.cpp">
      <Filter>Source</Filter>
    </ClCompile>
    <ClCompile Include="Source\Pool\MemoryPool.cpp">
      <Filter>Source\Pool</Filter>
    </ClCompile>
    <ClCompile Include="MainPCH.cpp">
      <Filter>Source</Filter>
    </ClCompile>
    <ClCompile Include="Source\Pool\ObjectPool.cpp">
      <Filter>Source\Pool</Filter>
    </ClCompile>
    <ClCompile Include="Source\Pool\ThreadPool.cpp">
      <Filter>Source\Pool</Filter>
    </ClCompile>
    <ClCompile Include="ServerApp.cpp">
      <Filter>Source</Filter>
    </ClCompile>
    <ClCompile Include="Source\Server\BlockingSock.cpp">
      <Filter>Source\Server</Filter>
    </ClCompile>
    <ClCompile Include="Source\Server\BlockSocketWrapper.cpp">
      <Filter>Source\Server</Filter>
    </ClCompile>
    <ClCompile Include="Source\Server\ListenSocket.cpp">
      <Filter>Source\Server</Filter>
    </ClCompile>
    <ClCompile Include="Source\Server\UDPSocket.cpp">
      <Filter>Source\Server</Filter>
    </ClCompile>
    <ClCompile Include="Source\Managers\RecvManager.cpp">
      <Filter>Source</Filter>
    </ClCompile>
    <ClCompile Include="Source\Controllers\LoginController.cpp">
      <Filter>Source\Controllers</Filter>
    </ClCompile>
    <ClCompile Include="Source\Controllers\TestController.cpp">
      <Filter>Source\Controllers</Filter>
    </ClCompile>
    <ClCompile Include="Source\Managers\ControllerManager.cpp">
      <Filter>Source\Managers</Filter>
    </ClCompile>
    <ClCompile Include="Source\Databases\DatabaseWrapper.cpp">
      <Filter>Source\Databases</Filter>
    </ClCompile>
    <ClCompile Include="Source\Managers\DatabaseManager.cpp">
      <Filter>Source\Managers</Filter>
    </ClCompile>
    <ClCompile Include="Source\Managers\RepositoryManager.cpp">
      <Filter>Source\Repositories</Filter>
    </ClCompile>
    <ClCompile Include="Source\Repositories\UserRepository.cpp">
      <Filter>Source\Repositories</Filter>
    </ClCompile>
    <ClCompile Include="Source\Controllers\JoinController.cpp">
      <Filter>Source\Controllers</Filter>
    </ClCompile>
    <ClCompile Include="Source\Services\LoginService.cpp">
      <Filter>Source\Services</Filter>
    </ClCompile>
    <ClCompile Include="Source\Services\ServiceManager.cpp">
      <Filter>Source\Managers</Filter>
    </ClCompile>
    <ClCompile Include="Header\Services\JoinService.cpp">
      <Filter>Source\Services</Filter>
    </ClCompile>
    <ClCompile Include="Source\Pool\DatabasePool.cpp">
      <Filter>Source\Pool</Filter>
    </ClCompile>
  </ItemGroup>
  <ItemGroup>
    <ClInclude Include="MainPCH.h">
      <Filter>Header</Filter>
    </ClInclude>
    <ClInclude Include="Header\Pool\MemoryPool.h">
      <Filter>Header\Pool</Filter>
    </ClInclude>
    <ClInclude Include="Header\Pool\ObjectPool.h">
      <Filter>Header\Pool</Filter>
    </ClInclude>
    <ClInclude Include="Header\Pool\ThreadPool.h">
      <Filter>Header\Pool</Filter>
    </ClInclude>
    <ClInclude Include="ServerApp.h">
      <Filter>Header</Filter>
    </ClInclude>
    <ClInclude Include="Header\Pool\PoolingManager.h">
      <Filter>Header\Pool</Filter>
    </ClInclude>
    <ClInclude Include="Header\Server\BlockingSock.h">
      <Filter>Header\Server</Filter>
    </ClInclude>
    <ClInclude Include="Header\Server\BlockSocketWrapper.h">
      <Filter>Header\Server</Filter>
    </ClInclude>
    <ClInclude Include="Header\Server\Sock.h">
      <Filter>Header\Server</Filter>
    </ClInclude>
    <ClInclude Include="Header\Server\ListenSocket.h">
      <Filter>Header\Server</Filter>
    </ClInclude>
    <ClInclude Include="Header\Interfaces\INetworkSession.h">
      <Filter>Header\Interfaces</Filter>
    </ClInclude>
    <ClInclude Include="Header\Server\UDPSocket.h">
      <Filter>Header\Server</Filter>
    </ClInclude>
    <ClInclude Include="Header\SendMsgTypes.h">
      <Filter>Header</Filter>
    </ClInclude>
    <ClInclude Include="Header\Interfaces\IRecvMessage.h">
      <Filter>Header\Interfaces</Filter>
    </ClInclude>
    <ClInclude Include="Header\Managers\RecvManager.h">
      <Filter>Header\Managers</Filter>
    </ClInclude>
    <ClInclude Include="Header\Controllers\LoginController.h">
      <Filter>Header\Controllers</Filter>
    </ClInclude>
    <ClInclude Include="Header\Controllers\TestController.h">
      <Filter>Header\Controllers</Filter>
    </ClInclude>
    <ClInclude Include="Header\Managers\ControllerManager.h">
      <Filter>Header\Managers</Filter>
    </ClInclude>
    <ClInclude Include="Header\Controllers\Controller.h">
      <Filter>Header\Controllers</Filter>
    </ClInclude>
    <ClInclude Include="Header\Interfaces\ISocketWrapper.h">
      <Filter>Header\Interfaces</Filter>
    </ClInclude>
    <ClInclude Include="Header\Databases\DatabaseWrapper.h">
      <Filter>Header\Databases</Filter>
    </ClInclude>
    <ClInclude Include="Header\Managers\DatabaseManager.h">
      <Filter>Header\Managers</Filter>
    </ClInclude>
    <ClInclude Include="Header\Managers\RepositoryManager.h">
      <Filter>Header\Managers</Filter>
    </ClInclude>
    <ClInclude Include="Header\Repositories\UserRepository.h">
      <Filter>Header\Repositories</Filter>
    </ClInclude>
    <ClInclude Include="Header\Interfaces\IRepository.h">
      <Filter>Header\Interfaces</Filter>
    </ClInclude>
    <ClInclude Include="Header\Entities\UserEntity.h">
      <Filter>Header\Entities</Filter>
    </ClInclude>
    <ClInclude Include="Header\Controllers\JoinController.h">
      <Filter>Header\Controllers</Filter>
    </ClInclude>
    <ClInclude Include="Header\Services\LoginService.h">
      <Filter>Header\Services</Filter>
    </ClInclude>
    <ClInclude Include="Header\Managers\ServiceManager.h">
      <Filter>Header\Managers</Filter>
    </ClInclude>
    <ClInclude Include="Header\Services\JoinService.h">
      <Filter>Header\Services</Filter>
    </ClInclude>
    <ClInclude Include="Header\Pool\DatabasePool.h">
      <Filter>Header\Pool</Filter>
    </ClInclude>
  </ItemGroup>
</Project>